
Microsoft Visual Studio Solution File, Format Version 12.00
# Visual Studio Version 16
VisualStudioVersion = 16.0.31105.61
MinimumVisualStudioVersion = 10.0.40219.1
Project("{FAE04EC0-301F-11D3-BF4B-00C04F79EFBC}") = "NewsWebSite", "NewsWebSite.csproj", "{8F300F62-530C-4F5F-A88C-ABBDE98B4D99}"
EndProject
Global
	GlobalSection(SolutionConfigurationPlatforms) = preSolution
		Debug|Any CPU = Debug|Any CPU
		Release|Any CPU = Release|Any CPU
	EndGlobalSection
	GlobalSection(ProjectConfigurationPlatforms) = postSolution
		{8F300F62-530C-4F5F-A88C-ABBDE98B4D99}.Debug|Any CPU.ActiveCfg = Debug|Any CPU
		{8F300F62-530C-4F5F-A88C-ABBDE98B4D99}.Debug|Any CPU.Build.0 = Debug|Any CPU
		{8F300F62-530C-4F5F-A88C-ABBDE98B4D99}.Release|Any CPU.ActiveCfg = Release|Any CPU
		{8F300F62-530C-4F5F-A88C-ABBDE98B4D99}.Release|Any CPU.Build.0 = Release|Any CPU
	EndGlobalSection
	GlobalSection(SolutionProperties) = preSolution
		HideSolutionNode = FALSE
	EndGlobalSection
	GlobalSection(ExtensibilityGlobals) = postSolution
		SolutionGuid = {A9314281-9235-431B-83E9-3324E04178FF}
	EndGlobalSection
EndGlobal
